
Microsoft Visual Studio Solution File, Format Version 12.00
# Visual Studio Version 17
VisualStudioVersion = 17.1.32328.378
MinimumVisualStudioVersion = 10.0.40219.1
Project("{FAE04EC0-301F-11D3-BF4B-00C04F79EFBC}") = "MSTestingDemo", "MSTestingDemo.csproj", "{0CE78BEE-3A27-4D41-8CEA-CCE0E6DECA46}"
EndProject
Project("{FAE04EC0-301F-11D3-BF4B-00C04F79EFBC}") = "StarBucksTest", "..\StarBucksTest\StarBucksTest.csproj", "{EDC8908E-2289-444F-A835-E424ABA69501}"
EndProject
Global
	GlobalSection(SolutionConfigurationPlatforms) = preSolution
		Debug|Any CPU = Debug|Any CPU
		Release|Any CPU = Release|Any CPU
	EndGlobalSection
	GlobalSection(ProjectConfigurationPlatforms) = postSolution
		{0CE78BEE-3A27-4D41-8CEA-CCE0E6DECA46}.Debug|Any CPU.ActiveCfg = Debug|Any CPU
		{0CE78BEE-3A27-4D41-8CEA-CCE0E6DECA46}.Debug|Any CPU.Build.0 = Debug|Any CPU
		{0CE78BEE-3A27-4D41-8CEA-CCE0E6DECA46}.Release|Any CPU.ActiveCfg = Release|Any CPU
		{0CE78BEE-3A27-4D41-8CEA-CCE0E6DECA46}.Release|Any CPU.Build.0 = Release|Any CPU
		{EDC8908E-2289-444F-A835-E424ABA69501}.Debug|Any CPU.ActiveCfg = Debug|Any CPU
		{EDC8908E-2289-444F-A835-E424ABA69501}.Debug|Any CPU.Build.0 = Debug|Any CPU
		{EDC8908E-2289-444F-A835-E424ABA69501}.Release|Any CPU.ActiveCfg = Release|Any CPU
		{EDC8908E-2289-444F-A835-E424ABA69501}.Release|Any CPU.Build.0 = Release|Any CPU
	EndGlobalSection
	GlobalSection(SolutionProperties) = preSolution
		HideSolutionNode = FALSE
	EndGlobalSection
	GlobalSection(ExtensibilityGlobals) = postSolution
		SolutionGuid = {DAFDF52A-5BB3-4B51-8A73-D2A8F72A505C}
	EndGlobalSection
EndGlobal
